// !$*UTF8*$!
{
	archiveVersion = 1;
	classes = {
	};
	objectVersion = 60;
	objects = {

/* Begin PBXBuildFile section */
		27B2DEA72BA6743F00F3D0C2 /* MastAutoDonCompletionApp.swift in Sources */ = {isa = PBXBuildFile; fileRef = 27B2DEA62BA6743F00F3D0C2 /* MastAutoDonCompletionApp.swift */; };
		27B2DEA92BA6743F00F3D0C2 /* ContentView.swift in Sources */ = {isa = PBXBuildFile; fileRef = 27B2DEA82BA6743F00F3D0C2 /* ContentView.swift */; };
		27B2DEAB2BA6744100F3D0C2 /* Assets.xcassets in Resources */ = {isa = PBXBuildFile; fileRef = 27B2DEAA2BA6744100F3D0C2 /* Assets.xcassets */; };
		27B2DEAE2BA6744100F3D0C2 /* Preview Assets.xcassets in Resources */ = {isa = PBXBuildFile; fileRef = 27B2DEAD2BA6744100F3D0C2 /* Preview Assets.xcassets */; };
		27B2DEB82BA6744100F3D0C2 /* MastAutoDonCompletionTests.swift in Sources */ = {isa = PBXBuildFile; fileRef = 27B2DEB72BA6744100F3D0C2 /* MastAutoDonCompletionTests.swift */; };
		27B2DEC22BA6744100F3D0C2 /* MastAutoDonCompletionUITests.swift in Sources */ = {isa = PBXBuildFile; fileRef = 27B2DEC12BA6744100F3D0C2 /* MastAutoDonCompletionUITests.swift */; };
		27B2DEC42BA6744100F3D0C2 /* MastAutoDonCompletionUITestsLaunchTests.swift in Sources */ = {isa = PBXBuildFile; fileRef = 27B2DEC32BA6744100F3D0C2 /* MastAutoDonCompletionUITestsLaunchTests.swift */; };
		27B2DED32BA679DD00F3D0C2 /* StatusKit in Frameworks */ = {isa = PBXBuildFile; productRef = 27B2DED22BA679DD00F3D0C2 /* StatusKit */; };
/* End PBXBuildFile section */

/* Begin PBXContainerItemProxy section */
		27B2DEB42BA6744100F3D0C2 /* PBXContainerItemProxy */ = {
			isa = PBXContainerItemProxy;
			containerPortal = 27B2DE9B2BA6743F00F3D0C2 /* Project object */;
			proxyType = 1;
			remoteGlobalIDString = 27B2DEA22BA6743F00F3D0C2;
			remoteInfo = MastAutoDonCompletion;
		};
		27B2DEBE2BA6744100F3D0C2 /* PBXContainerItemProxy */ = {
			isa = PBXContainerItemProxy;
			containerPortal = 27B2DE9B2BA6743F00F3D0C2 /* Project object */;
			proxyType = 1;
			remoteGlobalIDString = 27B2DEA22BA6743F00F3D0C2;
			remoteInfo = MastAutoDonCompletion;
		};
/* End PBXContainerItemProxy section */

/* Begin PBXFileReference section */
		27B2DEA32BA6743F00F3D0C2 /* MastAutoDonCompletion.app */ = {isa = PBXFileReference; explicitFileType = wrapper.application; includeInIndex = 0; path = MastAutoDonCompletion.app; sourceTree = BUILT_PRODUCTS_DIR; };
		27B2DEA62BA6743F00F3D0C2 /* MastAutoDonCompletionApp.swift */ = {isa = PBXFileReference; lastKnownFileType = sourcecode.swift; path = MastAutoDonCompletionApp.swift; sourceTree = "<group>"; };
		27B2DEA82BA6743F00F3D0C2 /* ContentView.swift */ = {isa = PBXFileReference; lastKnownFileType = sourcecode.swift; path = ContentView.swift; sourceTree = "<group>"; };
		27B2DEAA2BA6744100F3D0C2 /* Assets.xcassets */ = {isa = PBXFileReference; lastKnownFileType = folder.assetcatalog; path = Assets.xcassets; sourceTree = "<group>"; };
		27B2DEAD2BA6744100F3D0C2 /* Preview Assets.xcassets */ = {isa = PBXFileReference; lastKnownFileType = folder.assetcatalog; path = "Preview Assets.xcassets"; sourceTree = "<group>"; };
		27B2DEB32BA6744100F3D0C2 /* MastAutoDonCompletionTests.xctest */ = {isa = PBXFileReference; explicitFileType = wrapper.cfbundle; includeInIndex = 0; path = MastAutoDonCompletionTests.xctest; sourceTree = BUILT_PRODUCTS_DIR; };
		27B2DEB72BA6744100F3D0C2 /* MastAutoDonCompletionTests.swift */ = {isa = PBXFileReference; lastKnownFileType = sourcecode.swift; path = MastAutoDonCompletionTests.swift; sourceTree = "<group>"; };
		27B2DEBD2BA6744100F3D0C2 /* MastAutoDonCompletionUITests.xctest */ = {isa = PBXFileReference; explicitFileType = wrapper.cfbundle; includeInIndex = 0; path = MastAutoDonCompletionUITests.xctest; sourceTree = BUILT_PRODUCTS_DIR; };
		27B2DEC12BA6744100F3D0C2 /* MastAutoDonCompletionUITests.swift */ = {isa = PBXFileReference; lastKnownFileType = sourcecode.swift; path = MastAutoDonCompletionUITests.swift; sourceTree = "<group>"; };
		27B2DEC32BA6744100F3D0C2 /* MastAutoDonCompletionUITestsLaunchTests.swift */ = {isa = PBXFileReference; lastKnownFileType = sourcecode.swift; path = MastAutoDonCompletionUITestsLaunchTests.swift; sourceTree = "<group>"; };
		27B2DED02BA6748600F3D0C2 /* MastAutoDonCompletion.xctestplan */ = {isa = PBXFileReference; lastKnownFileType = text; path = MastAutoDonCompletion.xctestplan; sourceTree = "<group>"; };
		27B2DED42BA67B3700F3D0C2 /* README.md */ = {isa = PBXFileReference; lastKnownFileType = net.daringfireball.markdown; path = README.md; sourceTree = "<group>"; };
/* End PBXFileReference section */

/* Begin PBXFrameworksBuildPhase section */
		27B2DEA02BA6743F00F3D0C2 /* Frameworks */ = {
			isa = PBXFrameworksBuildPhase;
			buildActionMask = 2147483647;
			files = (
				27B2DED32BA679DD00F3D0C2 /* StatusKit in Frameworks */,
			);
			runOnlyForDeploymentPostprocessing = 0;
		};
		27B2DEB02BA6744100F3D0C2 /* Frameworks */ = {
			isa = PBXFrameworksBuildPhase;
			buildActionMask = 2147483647;
			files = (
			);
			runOnlyForDeploymentPostprocessing = 0;
		};
		27B2DEBA2BA6744100F3D0C2 /* Frameworks */ = {
			isa = PBXFrameworksBuildPhase;
			buildActionMask = 2147483647;
			files = (
			);
			runOnlyForDeploymentPostprocessing = 0;
		};
/* End PBXFrameworksBuildPhase section */

/* Begin PBXGroup section */
		27B2DE9A2BA6743F00F3D0C2 = {
			isa = PBXGroup;
			children = (
				27B2DED42BA67B3700F3D0C2 /* README.md */,
				27B2DED02BA6748600F3D0C2 /* MastAutoDonCompletion.xctestplan */,
				27B2DEA52BA6743F00F3D0C2 /* MastAutoDonCompletion */,
				27B2DEB62BA6744100F3D0C2 /* MastAutoDonCompletionTests */,
				27B2DEC02BA6744100F3D0C2 /* MastAutoDonCompletionUITests */,
				27B2DEA42BA6743F00F3D0C2 /* Products */,
			);
			sourceTree = "<group>";
		};
		27B2DEA42BA6743F00F3D0C2 /* Products */ = {
			isa = PBXGroup;
			children = (
				27B2DEA32BA6743F00F3D0C2 /* MastAutoDonCompletion.app */,
				27B2DEB32BA6744100F3D0C2 /* MastAutoDonCompletionTests.xctest */,
				27B2DEBD2BA6744100F3D0C2 /* MastAutoDonCompletionUITests.xctest */,
			);
			name = Products;
			sourceTree = "<group>";
		};
		27B2DEA52BA6743F00F3D0C2 /* MastAutoDonCompletion */ = {
			isa = PBXGroup;
			children = (
				27B2DEA62BA6743F00F3D0C2 /* MastAutoDonCompletionApp.swift */,
				27B2DEA82BA6743F00F3D0C2 /* ContentView.swift */,
				27B2DEAA2BA6744100F3D0C2 /* Assets.xcassets */,
				27B2DEAC2BA6744100F3D0C2 /* Preview Content */,
			);
			path = MastAutoDonCompletion;
			sourceTree = "<group>";
		};
		27B2DEAC2BA6744100F3D0C2 /* Preview Content */ = {
			isa = PBXGroup;
			children = (
				27B2DEAD2BA6744100F3D0C2 /* Preview Assets.xcassets */,
			);
			path = "Preview Content";
			sourceTree = "<group>";
		};
		27B2DEB62BA6744100F3D0C2 /* MastAutoDonCompletionTests */ = {
			isa = PBXGroup;
			children = (
				27B2DEB72BA6744100F3D0C2 /* MastAutoDonCompletionTests.swift */,
			);
			path = MastAutoDonCompletionTests;
			sourceTree = "<group>";
		};
		27B2DEC02BA6744100F3D0C2 /* MastAutoDonCompletionUITests */ = {
			isa = PBXGroup;
			children = (
				27B2DEC12BA6744100F3D0C2 /* MastAutoDonCompletionUITests.swift */,
				27B2DEC32BA6744100F3D0C2 /* MastAutoDonCompletionUITestsLaunchTests.swift */,
			);
			path = MastAutoDonCompletionUITests;
			sourceTree = "<group>";
		};
/* End PBXGroup section */

/* Begin PBXNativeTarget section */
		27B2DEA22BA6743F00F3D0C2 /* MastAutoDonCompletion */ = {
			isa = PBXNativeTarget;
			buildConfigurationList = 27B2DEC72BA6744100F3D0C2 /* Build configuration list for PBXNativeTarget "MastAutoDonCompletion" */;
			buildPhases = (
				27B2DE9F2BA6743F00F3D0C2 /* Sources */,
				27B2DEA02BA6743F00F3D0C2 /* Frameworks */,
				27B2DEA12BA6743F00F3D0C2 /* Resources */,
			);
			buildRules = (
			);
			dependencies = (
			);
			name = MastAutoDonCompletion;
			packageProductDependencies = (
				27B2DED22BA679DD00F3D0C2 /* StatusKit */,
			);
			productName = MastAutoDonCompletion;
			productReference = 27B2DEA32BA6743F00F3D0C2 /* MastAutoDonCompletion.app */;
			productType = "com.apple.product-type.application";
		};
		27B2DEB22BA6744100F3D0C2 /* MastAutoDonCompletionTests */ = {
			isa = PBXNativeTarget;
			buildConfigurationList = 27B2DECA2BA6744100F3D0C2 /* Build configuration list for PBXNativeTarget "MastAutoDonCompletionTests" */;
			buildPhases = (
				27B2DEAF2BA6744100F3D0C2 /* Sources */,
				27B2DEB02BA6744100F3D0C2 /* Frameworks */,
				27B2DEB12BA6744100F3D0C2 /* Resources */,
			);
			buildRules = (
			);
			dependencies = (
				27B2DEB52BA6744100F3D0C2 /* PBXTargetDependency */,
			);
			name = MastAutoDonCompletionTests;
			productName = MastAutoDonCompletionTests;
			productReference = 27B2DEB32BA6744100F3D0C2 /* MastAutoDonCompletionTests.xctest */;
			productType = "com.apple.product-type.bundle.unit-test";
		};
		27B2DEBC2BA6744100F3D0C2 /* MastAutoDonCompletionUITests */ = {
			isa = PBXNativeTarget;
			buildConfigurationList = 27B2DECD2BA6744100F3D0C2 /* Build configuration list for PBXNativeTarget "MastAutoDonCompletionUITests" */;
			buildPhases = (
				27B2DEB92BA6744100F3D0C2 /* Sources */,
				27B2DEBA2BA6744100F3D0C2 /* Frameworks */,
				27B2DEBB2BA6744100F3D0C2 /* Resources */,
			);
			buildRules = (
			);
			dependencies = (
				27B2DEBF2BA6744100F3D0C2 /* PBXTargetDependency */,
			);
			name = MastAutoDonCompletionUITests;
			productName = MastAutoDonCompletionUITests;
			productReference = 27B2DEBD2BA6744100F3D0C2 /* MastAutoDonCompletionUITests.xctest */;
			productType = "com.apple.product-type.bundle.ui-testing";
		};
/* End PBXNativeTarget section */

/* Begin PBXProject section */
		27B2DE9B2BA6743F00F3D0C2 /* Project object */ = {
			isa = PBXProject;
			attributes = {
				BuildIndependentTargetsInParallel = 1;
				LastSwiftUpdateCheck = 1520;
				LastUpgradeCheck = 1520;
				TargetAttributes = {
					27B2DEA22BA6743F00F3D0C2 = {
						CreatedOnToolsVersion = 15.2;
					};
					27B2DEB22BA6744100F3D0C2 = {
						CreatedOnToolsVersion = 15.2;
						TestTargetID = 27B2DEA22BA6743F00F3D0C2;
					};
					27B2DEBC2BA6744100F3D0C2 = {
						CreatedOnToolsVersion = 15.2;
						TestTargetID = 27B2DEA22BA6743F00F3D0C2;
					};
				};
			};
			buildConfigurationList = 27B2DE9E2BA6743F00F3D0C2 /* Build configuration list for PBXProject "MastAutoDonCompletion" */;
			compatibilityVersion = "Xcode 14.0";
			developmentRegion = en;
			hasScannedForEncodings = 0;
			knownRegions = (
				en,
				Base,
			);
			mainGroup = 27B2DE9A2BA6743F00F3D0C2;
			packageReferences = (
				27B2DED12BA679DD00F3D0C2 /* XCLocalSwiftPackageReference "Packages/StatusKit" */,
			);
			productRefGroup = 27B2DEA42BA6743F00F3D0C2 /* Products */;
			projectDirPath = "";
			projectRoot = "";
			targets = (
				27B2DEA22BA6743F00F3D0C2 /* MastAutoDonCompletion */,
				27B2DEB22BA6744100F3D0C2 /* MastAutoDonCompletionTests */,
				27B2DEBC2BA6744100F3D0C2 /* MastAutoDonCompletionUITests */,
			);
		};
/* End PBXProject section */

/* Begin PBXResourcesBuildPhase section */
		27B2DEA12BA6743F00F3D0C2 /* Resources */ = {
			isa = PBXResourcesBuildPhase;
			buildActionMask = 2147483647;
			files = (
				27B2DEAE2BA6744100F3D0C2 /* Preview Assets.xcassets in Resources */,
				27B2DEAB2BA6744100F3D0C2 /* Assets.xcassets in Resources */,
			);
			runOnlyForDeploymentPostprocessing = 0;
		};
		27B2DEB12BA6744100F3D0C2 /* Resources */ = {
			isa = PBXResourcesBuildPhase;
			buildActionMask = 2147483647;
			files = (
			);
			runOnlyForDeploymentPostprocessing = 0;
		};
		27B2DEBB2BA6744100F3D0C2 /* Resources */ = {
			isa = PBXResourcesBuildPhase;
			buildActionMask = 2147483647;
			files = (
			);
			runOnlyForDeploymentPostprocessing = 0;
		};
/* End PBXResourcesBuildPhase section */

/* Begin PBXSourcesBuildPhase section */
		27B2DE9F2BA6743F00F3D0C2 /* Sources */ = {
			isa = PBXSourcesBuildPhase;
			buildActionMask = 2147483647;
			files = (
				27B2DEA92BA6743F00F3D0C2 /* ContentView.swift in Sources */,
				27B2DEA72BA6743F00F3D0C2 /* MastAutoDonCompletionApp.swift in Sources */,
			);
			runOnlyForDeploymentPostprocessing = 0;
		};
		27B2DEAF2BA6744100F3D0C2 /* Sources */ = {
			isa = PBXSourcesBuildPhase;
			buildActionMask = 2147483647;
			files = (
				27B2DEB82BA6744100F3D0C2 /* MastAutoDonCompletionTests.swift in Sources */,
			);
			runOnlyForDeploymentPostprocessing = 0;
		};
		27B2DEB92BA6744100F3D0C2 /* Sources */ = {
			isa = PBXSourcesBuildPhase;
			buildActionMask = 2147483647;
			files = (
				27B2DEC42BA6744100F3D0C2 /* MastAutoDonCompletionUITestsLaunchTests.swift in Sources */,
				27B2DEC22BA6744100F3D0C2 /* MastAutoDonCompletionUITests.swift in Sources */,
			);
			runOnlyForDeploymentPostprocessing = 0;
		};
/* End PBXSourcesBuildPhase section */

/* Begin PBXTargetDependency section */
		27B2DEB52BA6744100F3D0C2 /* PBXTargetDependency */ = {
			isa = PBXTargetDependency;
			target = 27B2DEA22BA6743F00F3D0C2 /* MastAutoDonCompletion */;
			targetProxy = 27B2DEB42BA6744100F3D0C2 /* PBXContainerItemProxy */;
		};
		27B2DEBF2BA6744100F3D0C2 /* PBXTargetDependency */ = {
			isa = PBXTargetDependency;
			target = 27B2DEA22BA6743F00F3D0C2 /* MastAutoDonCompletion */;
			targetProxy = 27B2DEBE2BA6744100F3D0C2 /* PBXContainerItemProxy */;
		};
/* End PBXTargetDependency section */

/* Begin XCBuildConfiguration section */
		27B2DEC52BA6744100F3D0C2 /* Debug */ = {
			isa = XCBuildConfiguration;
			buildSettings = {
				ALWAYS_SEARCH_USER_PATHS = NO;
				ASSETCATALOG_COMPILER_GENERATE_SWIFT_ASSET_SYMBOL_EXTENSIONS = YES;
				CLANG_ANALYZER_NONNULL = YES;
				CLANG_ANALYZER_NUMBER_OBJECT_CONVERSION = YES_AGGRESSIVE;
				CLANG_CXX_LANGUAGE_STANDARD = "gnu++20";
				CLANG_ENABLE_MODULES = YES;
				CLANG_ENABLE_OBJC_ARC = YES;
				CLANG_ENABLE_OBJC_WEAK = YES;
				CLANG_WARN_BLOCK_CAPTURE_AUTORELEASING = YES;
				CLANG_WARN_BOOL_CONVERSION = YES;
				CLANG_WARN_COMMA = YES;
				CLANG_WARN_CONSTANT_CONVERSION = YES;
				CLANG_WARN_DEPRECATED_OBJC_IMPLEMENTATIONS = YES;
				CLANG_WARN_DIRECT_OBJC_ISA_USAGE = YES_ERROR;
				CLANG_WARN_DOCUMENTATION_COMMENTS = YES;
				CLANG_WARN_EMPTY_BODY = YES;
				CLANG_WARN_ENUM_CONVERSION = YES;
				CLANG_WARN_INFINITE_RECURSION = YES;
				CLANG_WARN_INT_CONVERSION = YES;
				CLANG_WARN_NON_LITERAL_NULL_CONVERSION = YES;
				CLANG_WARN_OBJC_IMPLICIT_RETAIN_SELF = YES;
				CLANG_WARN_OBJC_LITERAL_CONVERSION = YES;
				CLANG_WARN_OBJC_ROOT_CLASS = YES_ERROR;
				CLANG_WARN_QUOTED_INCLUDE_IN_FRAMEWORK_HEADER = YES;
				CLANG_WARN_RANGE_LOOP_ANALYSIS = YES;
				CLANG_WARN_STRICT_PROTOTYPES = YES;
				CLANG_WARN_SUSPICIOUS_MOVE = YES;
				CLANG_WARN_UNGUARDED_AVAILABILITY = YES_AGGRESSIVE;
				CLANG_WARN_UNREACHABLE_CODE = YES;
				CLANG_WARN__DUPLICATE_METHOD_MATCH = YES;
				COPY_PHASE_STRIP = NO;
				DEBUG_INFORMATION_FORMAT = dwarf;
				ENABLE_STRICT_OBJC_MSGSEND = YES;
				ENABLE_TESTABILITY = YES;
				ENABLE_USER_SCRIPT_SANDBOXING = YES;
				GCC_C_LANGUAGE_STANDARD = gnu17;
				GCC_DYNAMIC_NO_PIC = NO;
				GCC_NO_COMMON_BLOCKS = YES;
				GCC_OPTIMIZATION_LEVEL = 0;
				GCC_PREPROCESSOR_DEFINITIONS = (
					"DEBUG=1",
					"$(inherited)",
				);
				GCC_WARN_64_TO_32_BIT_CONVERSION = YES;
				GCC_WARN_ABOUT_RETURN_TYPE = YES_ERROR;
				GCC_WARN_UNDECLARED_SELECTOR = YES;
				GCC_WARN_UNINITIALIZED_AUTOS = YES_AGGRESSIVE;
				GCC_WARN_UNUSED_FUNCTION = YES;
				GCC_WARN_UNUSED_VARIABLE = YES;
				IPHONEOS_DEPLOYMENT_TARGET = 17.2;
				LOCALIZATION_PREFERS_STRING_CATALOGS = YES;
				MTL_ENABLE_DEBUG_INFO = INCLUDE_SOURCE;
				MTL_FAST_MATH = YES;
				ONLY_ACTIVE_ARCH = YES;
				SDKROOT = iphoneos;
				SWIFT_ACTIVE_COMPILATION_CONDITIONS = "DEBUG $(inherited)";
				SWIFT_OPTIMIZATION_LEVEL = "-Onone";
			};
			name = Debug;
		};
		27B2DEC62BA6744100F3D0C2 /* Release */ = {
			isa = XCBuildConfiguration;
			buildSettings = {
				ALWAYS_SEARCH_USER_PATHS = NO;
				ASSETCATALOG_COMPILER_GENERATE_SWIFT_ASSET_SYMBOL_EXTENSIONS = YES;
				CLANG_ANALYZER_NONNULL = YES;
				CLANG_ANALYZER_NUMBER_OBJECT_CONVERSION = YES_AGGRESSIVE;
				CLANG_CXX_LANGUAGE_STANDARD = "gnu++20";
				CLANG_ENABLE_MODULES = YES;
				CLANG_ENABLE_OBJC_ARC = YES;
				CLANG_ENABLE_OBJC_WEAK = YES;
				CLANG_WARN_BLOCK_CAPTURE_AUTORELEASING = YES;
				CLANG_WARN_BOOL_CONVERSION = YES;
				CLANG_WARN_COMMA = YES;
				CLANG_WARN_CONSTANT_CONVERSION = YES;
				CLANG_WARN_DEPRECATED_OBJC_IMPLEMENTATIONS = YES;
				CLANG_WARN_DIRECT_OBJC_ISA_USAGE = YES_ERROR;
				CLANG_WARN_DOCUMENTATION_COMMENTS = YES;
				CLANG_WARN_EMPTY_BODY = YES;
				CLANG_WARN_ENUM_CONVERSION = YES;
				CLANG_WARN_INFINITE_RECURSION = YES;
				CLANG_WARN_INT_CONVERSION = YES;
				CLANG_WARN_NON_LITERAL_NULL_CONVERSION = YES;
				CLANG_WARN_OBJC_IMPLICIT_RETAIN_SELF = YES;
				CLANG_WARN_OBJC_LITERAL_CONVERSION = YES;
				CLANG_WARN_OBJC_ROOT_CLASS = YES_ERROR;
				CLANG_WARN_QUOTED_INCLUDE_IN_FRAMEWORK_HEADER = YES;
				CLANG_WARN_RANGE_LOOP_ANALYSIS = YES;
				CLANG_WARN_STRICT_PROTOTYPES = YES;
				CLANG_WARN_SUSPICIOUS_MOVE = YES;
				CLANG_WARN_UNGUARDED_AVAILABILITY = YES_AGGRESSIVE;
				CLANG_WARN_UNREACHABLE_CODE = YES;
				CLANG_WARN__DUPLICATE_METHOD_MATCH = YES;
				COPY_PHASE_STRIP = NO;
				DEBUG_INFORMATION_FORMAT = "dwarf-with-dsym";
				ENABLE_NS_ASSERTIONS = NO;
				ENABLE_STRICT_OBJC_MSGSEND = YES;
				ENABLE_USER_SCRIPT_SANDBOXING = YES;
				GCC_C_LANGUAGE_STANDARD = gnu17;
				GCC_NO_COMMON_BLOCKS = YES;
				GCC_WARN_64_TO_32_BIT_CONVERSION = YES;
				GCC_WARN_ABOUT_RETURN_TYPE = YES_ERROR;
				GCC_WARN_UNDECLARED_SELECTOR = YES;
				GCC_WARN_UNINITIALIZED_AUTOS = YES_AGGRESSIVE;
				GCC_WARN_UNUSED_FUNCTION = YES;
				GCC_WARN_UNUSED_VARIABLE = YES;
				IPHONEOS_DEPLOYMENT_TARGET = 17.2;
				LOCALIZATION_PREFERS_STRING_CATALOGS = YES;
				MTL_ENABLE_DEBUG_INFO = NO;
				MTL_FAST_MATH = YES;
				SDKROOT = iphoneos;
				SWIFT_COMPILATION_MODE = wholemodule;
				VALIDATE_PRODUCT = YES;
			};
			name = Release;
		};
		27B2DEC82BA6744100F3D0C2 /* Debug */ = {
			isa = XCBuildConfiguration;
			buildSettings = {
				ASSETCATALOG_COMPILER_APPICON_NAME = AppIcon;
				ASSETCATALOG_COMPILER_GLOBAL_ACCENT_COLOR_NAME = AccentColor;
				CODE_SIGN_STYLE = Automatic;
				CURRENT_PROJECT_VERSION = 1;
				DEVELOPMENT_ASSET_PATHS = "\"MastAutoDonCompletion/Preview Content\"";
				DEVELOPMENT_TEAM = 6QY69PUF72;
				ENABLE_PREVIEWS = YES;
				GENERATE_INFOPLIST_FILE = YES;
				INFOPLIST_KEY_UIApplicationSceneManifest_Generation = YES;
				INFOPLIST_KEY_UIApplicationSupportsIndirectInputEvents = YES;
				INFOPLIST_KEY_UILaunchScreen_Generation = YES;
				INFOPLIST_KEY_UISupportedInterfaceOrientations_iPad = "UIInterfaceOrientationPortrait UIInterfaceOrientationPortraitUpsideDown UIInterfaceOrientationLandscapeLeft UIInterfaceOrientationLandscapeRight";
				INFOPLIST_KEY_UISupportedInterfaceOrientations_iPhone = "UIInterfaceOrientationPortrait UIInterfaceOrientationLandscapeLeft UIInterfaceOrientationLandscapeRight";
				LD_RUNPATH_SEARCH_PATHS = (
					"$(inherited)",
					"@executable_path/Frameworks",
				);
				MARKETING_VERSION = 1.0;
				PRODUCT_BUNDLE_IDENTIFIER = com.theovora.MastAutoDonCompletion;
				PRODUCT_NAME = "$(TARGET_NAME)";
				SWIFT_EMIT_LOC_STRINGS = YES;
				SWIFT_VERSION = 5.0;
				TARGETED_DEVICE_FAMILY = "1,2";
			};
			name = Debug;
		};
		27B2DEC92BA6744100F3D0C2 /* Release */ = {
			isa = XCBuildConfiguration;
			buildSettings = {
				ASSETCATALOG_COMPILER_APPICON_NAME = AppIcon;
				ASSETCATALOG_COMPILER_GLOBAL_ACCENT_COLOR_NAME = AccentColor;
				CODE_SIGN_STYLE = Automatic;
				CURRENT_PROJECT_VERSION = 1;
				DEVELOPMENT_ASSET_PATHS = "\"MastAutoDonCompletion/Preview Content\"";
				DEVELOPMENT_TEAM = 6QY69PUF72;
				ENABLE_PREVIEWS = YES;
				GENERATE_INFOPLIST_FILE = YES;
				INFOPLIST_KEY_UIApplicationSceneManifest_Generation = YES;
				INFOPLIST_KEY_UIApplicationSupportsIndirectInputEvents = YES;
				INFOPLIST_KEY_UILaunchScreen_Generation = YES;
				INFOPLIST_KEY_UISupportedInterfaceOrientations_iPad = "UIInterfaceOrientationPortrait UIInterfaceOrientationPortraitUpsideDown UIInterfaceOrientationLandscapeLeft UIInterfaceOrientationLandscapeRight";
				INFOPLIST_KEY_UISupportedInterfaceOrientations_iPhone = "UIInterfaceOrientationPortrait UIInterfaceOrientationLandscapeLeft UIInterfaceOrientationLandscapeRight";
				LD_RUNPATH_SEARCH_PATHS = (
					"$(inherited)",
					"@executable_path/Frameworks",
				);
				MARKETING_VERSION = 1.0;
				PRODUCT_BUNDLE_IDENTIFIER = com.theovora.MastAutoDonCompletion;
				PRODUCT_NAME = "$(TARGET_NAME)";
				SWIFT_EMIT_LOC_STRINGS = YES;
				SWIFT_VERSION = 5.0;
				TARGETED_DEVICE_FAMILY = "1,2";
			};
			name = Release;
		};
		27B2DECB2BA6744100F3D0C2 /* Debug */ = {
			isa = XCBuildConfiguration;
			buildSettings = {
				ALWAYS_EMBED_SWIFT_STANDARD_LIBRARIES = YES;
				BUNDLE_LOADER = "$(TEST_HOST)";
				CODE_SIGN_STYLE = Automatic;
				CURRENT_PROJECT_VERSION = 1;
				DEVELOPMENT_TEAM = 6QY69PUF72;
				GENERATE_INFOPLIST_FILE = YES;
				IPHONEOS_DEPLOYMENT_TARGET = 17.2;
				MARKETING_VERSION = 1.0;
				PRODUCT_BUNDLE_IDENTIFIER = com.theovora.MastAutoDonCompletionTests;
				PRODUCT_NAME = "$(TARGET_NAME)";
				SWIFT_EMIT_LOC_STRINGS = NO;
				SWIFT_VERSION = 5.0;
				TARGETED_DEVICE_FAMILY = "1,2";
				TEST_HOST = "$(BUILT_PRODUCTS_DIR)/MastAutoDonCompletion.app/$(BUNDLE_EXECUTABLE_FOLDER_PATH)/MastAutoDonCompletion";
			};
			name = Debug;
		};
		27B2DECC2BA6744100F3D0C2 /* Release */ = {
			isa = XCBuildConfiguration;
			buildSettings = {
				ALWAYS_EMBED_SWIFT_STANDARD_LIBRARIES = YES;
				BUNDLE_LOADER = "$(TEST_HOST)";
				CODE_SIGN_STYLE = Automatic;
				CURRENT_PROJECT_VERSION = 1;
				DEVELOPMENT_TEAM = 6QY69PUF72;
				GENERATE_INFOPLIST_FILE = YES;
				IPHONEOS_DEPLOYMENT_TARGET = 17.2;
				MARKETING_VERSION = 1.0;
				PRODUCT_BUNDLE_IDENTIFIER = com.theovora.MastAutoDonCompletionTests;
				PRODUCT_NAME = "$(TARGET_NAME)";
				SWIFT_EMIT_LOC_STRINGS = NO;
				SWIFT_VERSION = 5.0;
				TARGETED_DEVICE_FAMILY = "1,2";
				TEST_HOST = "$(BUILT_PRODUCTS_DIR)/MastAutoDonCompletion.app/$(BUNDLE_EXECUTABLE_FOLDER_PATH)/MastAutoDonCompletion";
			};
			name = Release;
		};
		27B2DECE2BA6744100F3D0C2 /* Debug */ = {
			isa = XCBuildConfiguration;
			buildSettings = {
				ALWAYS_EMBED_SWIFT_STANDARD_LIBRARIES = YES;
				CODE_SIGN_STYLE = Automatic;
				CURRENT_PROJECT_VERSION = 1;
				DEVELOPMENT_TEAM = 6QY69PUF72;
				GENERATE_INFOPLIST_FILE = YES;
				MARKETING_VERSION = 1.0;
				PRODUCT_BUNDLE_IDENTIFIER = com.theovora.MastAutoDonCompletionUITests;
				PRODUCT_NAME = "$(TARGET_NAME)";
				SWIFT_EMIT_LOC_STRINGS = NO;
				SWIFT_VERSION = 5.0;
				TARGETED_DEVICE_FAMILY = "1,2";
				TEST_TARGET_NAME = MastAutoDonCompletion;
			};
			name = Debug;
		};
		27B2DECF2BA6744100F3D0C2 /* Release */ = {
			isa = XCBuildConfiguration;
			buildSettings = {
				ALWAYS_EMBED_SWIFT_STANDARD_LIBRARIES = YES;
				CODE_SIGN_STYLE = Automatic;
				CURRENT_PROJECT_VERSION = 1;
				DEVELOPMENT_TEAM = 6QY69PUF72;
				GENERATE_INFOPLIST_FILE = YES;
				MARKETING_VERSION = 1.0;
				PRODUCT_BUNDLE_IDENTIFIER = com.theovora.MastAutoDonCompletionUITests;
				PRODUCT_NAME = "$(TARGET_NAME)";
				SWIFT_EMIT_LOC_STRINGS = NO;
				SWIFT_VERSION = 5.0;
				TARGETED_DEVICE_FAMILY = "1,2";
				TEST_TARGET_NAME = MastAutoDonCompletion;
			};
			name = Release;
		};
/* End XCBuildConfiguration section */

/* Begin XCConfigurationList section */
		27B2DE9E2BA6743F00F3D0C2 /* Build configuration list for PBXProject "MastAutoDonCompletion" */ = {
			isa = XCConfigurationList;
			buildConfigurations = (
				27B2DEC52BA6744100F3D0C2 /* Debug */,
				27B2DEC62BA6744100F3D0C2 /* Release */,
			);
			defaultConfigurationIsVisible = 0;
			defaultConfigurationName = Release;
		};
		27B2DEC72BA6744100F3D0C2 /* Build configuration list for PBXNativeTarget "MastAutoDonCompletion" */ = {
			isa = XCConfigurationList;
			buildConfigurations = (
				27B2DEC82BA6744100F3D0C2 /* Debug */,
				27B2DEC92BA6744100F3D0C2 /* Release */,
			);
			defaultConfigurationIsVisible = 0;
			defaultConfigurationName = Release;
		};
		27B2DECA2BA6744100F3D0C2 /* Build configuration list for PBXNativeTarget "MastAutoDonCompletionTests" */ = {
			isa = XCConfigurationList;
			buildConfigurations = (
				27B2DECB2BA6744100F3D0C2 /* Debug */,
				27B2DECC2BA6744100F3D0C2 /* Release */,
			);
			defaultConfigurationIsVisible = 0;
			defaultConfigurationName = Release;
		};
		27B2DECD2BA6744100F3D0C2 /* Build configuration list for PBXNativeTarget "MastAutoDonCompletionUITests" */ = {
			isa = XCConfigurationList;
			buildConfigurations = (
				27B2DECE2BA6744100F3D0C2 /* Debug */,
				27B2DECF2BA6744100F3D0C2 /* Release */,
			);
			defaultConfigurationIsVisible = 0;
			defaultConfigurationName = Release;
		};
/* End XCConfigurationList section */

/* Begin XCLocalSwiftPackageReference section */
		27B2DED12BA679DD00F3D0C2 /* XCLocalSwiftPackageReference "Packages/StatusKit" */ = {
			isa = XCLocalSwiftPackageReference;
			relativePath = Packages/StatusKit;
		};
/* End XCLocalSwiftPackageReference section */

/* Begin XCSwiftPackageProductDependency section */
		27B2DED22BA679DD00F3D0C2 /* StatusKit */ = {
			isa = XCSwiftPackageProductDependency;
			productName = StatusKit;
		};
/* End XCSwiftPackageProductDependency section */
	};
	rootObject = 27B2DE9B2BA6743F00F3D0C2 /* Project object */;
}
